
Microsoft Visual Studio Solution File, Format Version 12.00
# Visual Studio Version 17
VisualStudioVersion = 17.1.32210.238
MinimumVisualStudioVersion = 10.0.40219.1
Project("{FAE04EC0-301F-11D3-BF4B-00C04F79EFBC}") = "Sözlük", "Sözlük\Sözlük.csproj", "{ABEBBD8E-26A0-48FE-BF30-BF743F2EC66B}"
EndProject
Global
	GlobalSection(SolutionConfigurationPlatforms) = preSolution
		Debug|Any CPU = Debug|Any CPU
		Release|Any CPU = Release|Any CPU
	EndGlobalSection
	GlobalSection(ProjectConfigurationPlatforms) = postSolution
		{ABEBBD8E-26A0-48FE-BF30-BF743F2EC66B}.Debug|Any CPU.ActiveCfg = Debug|Any CPU
		{ABEBBD8E-26A0-48FE-BF30-BF743F2EC66B}.Debug|Any CPU.Build.0 = Debug|Any CPU
		{ABEBBD8E-26A0-48FE-BF30-BF743F2EC66B}.Release|Any CPU.ActiveCfg = Release|Any CPU
		{ABEBBD8E-26A0-48FE-BF30-BF743F2EC66B}.Release|Any CPU.Build.0 = Release|Any CPU
	EndGlobalSection
	GlobalSection(SolutionProperties) = preSolution
		HideSolutionNode = FALSE
	EndGlobalSection
	GlobalSection(ExtensibilityGlobals) = postSolution
		SolutionGuid = {426C3C4E-C674-4945-BE9D-BC030A5817CE}
	EndGlobalSection
EndGlobal
